
Microsoft Visual Studio Solution File, Format Version 12.00
# Visual Studio Version 17
VisualStudioVersion = 17.13.35818.85
MinimumVisualStudioVersion = 10.0.40219.1
Project("{FAE04EC0-301F-11D3-BF4B-00C04F79EFBC}") = "Citas.Domain", "Citas.Domain\Citas.Domain.csproj", "{B4ED844E-DB93-41EF-AB4B-566D9696132D}"
EndProject
Project("{FAE04EC0-301F-11D3-BF4B-00C04F79EFBC}") = "Citas.Application", "Citas.Application\Citas.Application.csproj", "{F23CBCBB-65F8-4493-96D0-409127C90808}"
EndProject
Project("{FAE04EC0-301F-11D3-BF4B-00C04F79EFBC}") = "Citas.Infrastructure", "Citas.Infrastructure\Citas.Infrastructure.csproj", "{F8681F12-8232-4504-990B-05FD4562CEB4}"
EndProject
Project("{FAE04EC0-301F-11D3-BF4B-00C04F79EFBC}") = "Citas.API", "Citas.API\Citas.API.csproj", "{3AF3ED5D-A222-428C-8FC3-868472C6DC2D}"
EndProject
Project("{FAE04EC0-301F-11D3-BF4B-00C04F79EFBC}") = "Citas.UnitTests", "Citas.UnitTests\Citas.UnitTests.csproj", "{0622ECA2-8940-4DC7-AC4C-D5464569AD53}"
EndProject
Project("{2150E333-8FDC-42A3-9474-1A3956D46DE8}") = "Solution Items", "Solution Items", "{8EC462FD-D22E-90A8-E5CE-7E832BA40C5D}"
	ProjectSection(SolutionItems) = preProject
		docker-compose.yml = docker-compose.yml
	EndProjectSection
EndProject
Project("{FAE04EC0-301F-11D3-BF4B-00C04F79EFBC}") = "Citas.Front", "Citas.Front\Citas.Front.csproj", "{B688D7C2-1AD1-4B17-A3C2-DE4C329C9D5D}"
EndProject
Global
	GlobalSection(SolutionConfigurationPlatforms) = preSolution
		Debug|Any CPU = Debug|Any CPU
		Release|Any CPU = Release|Any CPU
	EndGlobalSection
	GlobalSection(ProjectConfigurationPlatforms) = postSolution
		{B4ED844E-DB93-41EF-AB4B-566D9696132D}.Debug|Any CPU.ActiveCfg = Debug|Any CPU
		{B4ED844E-DB93-41EF-AB4B-566D9696132D}.Debug|Any CPU.Build.0 = Debug|Any CPU
		{B4ED844E-DB93-41EF-AB4B-566D9696132D}.Release|Any CPU.ActiveCfg = Release|Any CPU
		{B4ED844E-DB93-41EF-AB4B-566D9696132D}.Release|Any CPU.Build.0 = Release|Any CPU
		{F23CBCBB-65F8-4493-96D0-409127C90808}.Debug|Any CPU.ActiveCfg = Debug|Any CPU
		{F23CBCBB-65F8-4493-96D0-409127C90808}.Debug|Any CPU.Build.0 = Debug|Any CPU
		{F23CBCBB-65F8-4493-96D0-409127C90808}.Release|Any CPU.ActiveCfg = Release|Any CPU
		{F23CBCBB-65F8-4493-96D0-409127C90808}.Release|Any CPU.Build.0 = Release|Any CPU
		{F8681F12-8232-4504-990B-05FD4562CEB4}.Debug|Any CPU.ActiveCfg = Debug|Any CPU
		{F8681F12-8232-4504-990B-05FD4562CEB4}.Debug|Any CPU.Build.0 = Debug|Any CPU
		{F8681F12-8232-4504-990B-05FD4562CEB4}.Release|Any CPU.ActiveCfg = Release|Any CPU
		{F8681F12-8232-4504-990B-05FD4562CEB4}.Release|Any CPU.Build.0 = Release|Any CPU
		{3AF3ED5D-A222-428C-8FC3-868472C6DC2D}.Debug|Any CPU.ActiveCfg = Debug|Any CPU
		{3AF3ED5D-A222-428C-8FC3-868472C6DC2D}.Debug|Any CPU.Build.0 = Debug|Any CPU
		{3AF3ED5D-A222-428C-8FC3-868472C6DC2D}.Release|Any CPU.ActiveCfg = Release|Any CPU
		{3AF3ED5D-A222-428C-8FC3-868472C6DC2D}.Release|Any CPU.Build.0 = Release|Any CPU
		{0622ECA2-8940-4DC7-AC4C-D5464569AD53}.Debug|Any CPU.ActiveCfg = Debug|Any CPU
		{0622ECA2-8940-4DC7-AC4C-D5464569AD53}.Debug|Any CPU.Build.0 = Debug|Any CPU
		{0622ECA2-8940-4DC7-AC4C-D5464569AD53}.Release|Any CPU.ActiveCfg = Release|Any CPU
		{0622ECA2-8940-4DC7-AC4C-D5464569AD53}.Release|Any CPU.Build.0 = Release|Any CPU
		{B688D7C2-1AD1-4B17-A3C2-DE4C329C9D5D}.Debug|Any CPU.ActiveCfg = Debug|Any CPU
		{B688D7C2-1AD1-4B17-A3C2-DE4C329C9D5D}.Debug|Any CPU.Build.0 = Debug|Any CPU
		{B688D7C2-1AD1-4B17-A3C2-DE4C329C9D5D}.Release|Any CPU.ActiveCfg = Release|Any CPU
		{B688D7C2-1AD1-4B17-A3C2-DE4C329C9D5D}.Release|Any CPU.Build.0 = Release|Any CPU
	EndGlobalSection
	GlobalSection(SolutionProperties) = preSolution
		HideSolutionNode = FALSE
	EndGlobalSection
	GlobalSection(ExtensibilityGlobals) = postSolution
		SolutionGuid = {72D1BB47-B763-466E-9848-18E28A3A886B}
	EndGlobalSection
EndGlobal
